
Microsoft Visual Studio Solution File, Format Version 12.00
# Visual Studio Version 16
VisualStudioVersion = 16.0.31624.102
MinimumVisualStudioVersion = 10.0.40219.1
Project("{8BC9CEB8-8B4A-11D0-8D11-00A0C91BC942}") = "SE_lab09", "SE_lab09\SE_lab09.vcxproj", "{999284CE-31F0-4014-AD30-9BAE9A9B6443}"
EndProject
Global
	GlobalSection(SolutionConfigurationPlatforms) = preSolution
		Debug|x64 = Debug|x64
		Debug|x86 = Debug|x86
		Release|x64 = Release|x64
		Release|x86 = Release|x86
	EndGlobalSection
	GlobalSection(ProjectConfigurationPlatforms) = postSolution
		{999284CE-31F0-4014-AD30-9BAE9A9B6443}.Debug|x64.ActiveCfg = Debug|x64
		{999284CE-31F0-4014-AD30-9BAE9A9B6443}.Debug|x64.Build.0 = Debug|x64
		{999284CE-31F0-4014-AD30-9BAE9A9B6443}.Debug|x86.ActiveCfg = Debug|Win32
		{999284CE-31F0-4014-AD30-9BAE9A9B6443}.Debug|x86.Build.0 = Debug|Win32
		{999284CE-31F0-4014-AD30-9BAE9A9B6443}.Release|x64.ActiveCfg = Release|x64
		{999284CE-31F0-4014-AD30-9BAE9A9B6443}.Release|x64.Build.0 = Release|x64
		{999284CE-31F0-4014-AD30-9BAE9A9B6443}.Release|x86.ActiveCfg = Release|Win32
		{999284CE-31F0-4014-AD30-9BAE9A9B6443}.Release|x86.Build.0 = Release|Win32
	EndGlobalSection
	GlobalSection(SolutionProperties) = preSolution
		HideSolutionNode = FALSE
	EndGlobalSection
	GlobalSection(ExtensibilityGlobals) = postSolution
		SolutionGuid = {87705184-BCED-4C98-AB20-71791326F4CF}
	EndGlobalSection
EndGlobal
